{
  "name": "bifrost-cli",
  "version": "1.0.0",
  "lockfileVersion": 3,
  "requires": true,
  "packages": {
    "": {
      "name": "bifrost-cli",
      "version": "1.0.0",
      "license": "ISC",
      "dependencies": {
        "@maximhq/bifrost": "^1.5.0"
      }
    },
    "node_modules/@maximhq/bifrost": {
      "version": "1.6.1",
      "resolved": "https://registry.npmjs.org/@maximhq/bifrost/-/bifrost-1.6.1.tgz",
      "integrity": "sha512-ZI55kCQyoLZE3pnowj793LNp4LZWOyxdioa7GJ3op/fGkC1LdtNSN4cU0FnKDaOtcxKrDD8NYkrXrSwHuWxGNg==",
      "license": "Apache-2.0",
      "bin": {
        "bifrost": "bin.js"
      },
      "engines": {
        "node": ">=18.0.0"
      }
    }
  }
}
